{
  "name": "web-app-learning",
  "version": "1.0.0",
  "lockfileVersion": 3,
  "requires": true,
  "packages": {
    "": {
      "name": "web-app-learning",
      "version": "1.0.0",
      "license": "MIT",
      "workspaces": [
        "web/01-basic"
      ]
    },
    "node_modules/01-basic": {
      "resolved": "web/01-basic",
      "link": true
    },
    "web/01-basic": {
      "version": "1.0.0",
      "license": "ISC"
    }
  }
}
